
Microsoft Visual Studio Solution File, Format Version 12.00
# Visual Studio Version 17
VisualStudioVersion = 17.1.32210.238
MinimumVisualStudioVersion = 10.0.40219.1
Project("{FAE04EC0-301F-11D3-BF4B-00C04F79EFBC}") = "EFCore1", "EFCore1\EFCore1.csproj", "{F63CC74B-0A90-4E07-877E-1DC958E52F5D}"
EndProject
Global
	GlobalSection(SolutionConfigurationPlatforms) = preSolution
		Debug|Any CPU = Debug|Any CPU
		Release|Any CPU = Release|Any CPU
	EndGlobalSection
	GlobalSection(ProjectConfigurationPlatforms) = postSolution
		{F63CC74B-0A90-4E07-877E-1DC958E52F5D}.Debug|Any CPU.ActiveCfg = Debug|Any CPU
		{F63CC74B-0A90-4E07-877E-1DC958E52F5D}.Debug|Any CPU.Build.0 = Debug|Any CPU
		{F63CC74B-0A90-4E07-877E-1DC958E52F5D}.Release|Any CPU.ActiveCfg = Release|Any CPU
		{F63CC74B-0A90-4E07-877E-1DC958E52F5D}.Release|Any CPU.Build.0 = Release|Any CPU
	EndGlobalSection
	GlobalSection(SolutionProperties) = preSolution
		HideSolutionNode = FALSE
	EndGlobalSection
	GlobalSection(ExtensibilityGlobals) = postSolution
		SolutionGuid = {CB872B43-067D-435C-A27B-6A0CA249D1E9}
	EndGlobalSection
EndGlobal
